
Microsoft Visual Studio Solution File, Format Version 12.00
# Visual Studio 15
VisualStudioVersion = 15.0.28307.757
MinimumVisualStudioVersion = 10.0.40219.1
Project("{9A19103F-16F7-4668-BE54-9A1E7A4F7556}") = "ApexCharts.NET", "Code\ApexCharts.NET.csproj", "{C136A37E-7883-433A-960E-117B602015D6}"
EndProject
Global
	GlobalSection(SolutionConfigurationPlatforms) = preSolution
		Debug|Any CPU = Debug|Any CPU
		Release|Any CPU = Release|Any CPU
	EndGlobalSection
	GlobalSection(ProjectConfigurationPlatforms) = postSolution
		{C136A37E-7883-433A-960E-117B602015D6}.Debug|Any CPU.ActiveCfg = Debug|Any CPU
		{C136A37E-7883-433A-960E-117B602015D6}.Debug|Any CPU.Build.0 = Debug|Any CPU
		{C136A37E-7883-433A-960E-117B602015D6}.Release|Any CPU.ActiveCfg = Release|Any CPU
		{C136A37E-7883-433A-960E-117B602015D6}.Release|Any CPU.Build.0 = Release|Any CPU
	EndGlobalSection
	GlobalSection(SolutionProperties) = preSolution
		HideSolutionNode = FALSE
	EndGlobalSection
	GlobalSection(ExtensibilityGlobals) = postSolution
		SolutionGuid = {9F66D018-3574-4285-AEFD-F6C6B41DED2C}
	EndGlobalSection
EndGlobal
